
Microsoft Visual Studio Solution File, Format Version 12.00
# Visual Studio Version 16
VisualStudioVersion = 16.0.29020.237
MinimumVisualStudioVersion = 10.0.40219.1
Project("{FAE04EC0-301F-11D3-BF4B-00C04F79EFBC}") = "MapWebSite", "MapWebSite\MapWebSite.csproj", "{9C03B843-A076-4150-A7C6-68DFF8AF7393}"
EndProject
Project("{9A19103F-16F7-4668-BE54-9A1E7A4F7556}") = "MapWebSite.Model", "MapWebSite.Model\MapWebSite.Model.csproj", "{921645E7-A83E-408A-B4C8-F7CD21DB3329}"
EndProject
Project("{2150E333-8FDC-42A3-9474-1A3956D46DE8}") = "MapWebSite.Web", "MapWebSite.Web", "{1A315415-A01E-4EF3-BD54-F4D6DA454AC3}"
EndProject
Project("{2150E333-8FDC-42A3-9474-1A3956D46DE8}") = "MapWebSite.Data Access", "MapWebSite.Data Access", "{BAE94EBA-9E64-4C6B-B499-6A561FBE3844}"
EndProject
Project("{FAE04EC0-301F-11D3-BF4B-00C04F79EFBC}") = "MapWebSite.Repository", "MapWebSite.Repository\MapWebSite.Repository.csproj", "{0886D345-5858-4711-A80C-A08BBFEE1E27}"
EndProject
Project("{FAE04EC0-301F-11D3-BF4B-00C04F79EFBC}") = "MapWebSite.SQLAccess", "MapWebSite.SQLAccess\MapWebSite.SQLAccess.csproj", "{A5CAF727-B169-4EA1-8D41-910AB7BD0ED7}"
EndProject
Project("{9A19103F-16F7-4668-BE54-9A1E7A4F7556}") = "MapWebSite.Core", "MapWebSite.Core\MapWebSite.Core.csproj", "{15A19BAF-8E36-41A7-96EC-3AC2F427FCFB}"
EndProject
Project("{2150E333-8FDC-42A3-9474-1A3956D46DE8}") = "MapWebSite.Core", "MapWebSite.Core", "{AF515D10-8D01-41BE-B32A-8ADEDC446B56}"
EndProject
Project("{FAE04EC0-301F-11D3-BF4B-00C04F79EFBC}") = "MapWebSite.Interaction", "MapWebSite.Interaction\MapWebSite.Interaction.csproj", "{A0E0898D-DD00-4BA7-803A-DCC9586B2836}"
EndProject
Project("{FAE04EC0-301F-11D3-BF4B-00C04F79EFBC}") = "MapWebSite.CassandraAccess", "MapWebSite.CassandraAccess\MapWebSite.CassandraAccess.csproj", "{9F148B28-5981-40DA-B669-505872475C2A}"
EndProject
Project("{FAE04EC0-301F-11D3-BF4B-00C04F79EFBC}") = "MapWebSite.Tests", "MapWebSite.Tests\MapWebSite.Tests.csproj", "{DF790432-D57B-4708-9147-6C0C10CD9400}"
EndProject
Project("{9A19103F-16F7-4668-BE54-9A1E7A4F7556}") = "MapWebSite.Types", "MapWebSite.Types\MapWebSite.Types.csproj", "{EFE17CCE-7D2B-4FDD-B4A8-BF395FD34056}"
EndProject
Project("{2150E333-8FDC-42A3-9474-1A3956D46DE8}") = "Owin Components", "Owin Components", "{09F8ECBB-E106-4A4C-9BD3-46D4E6DF40D6}"
EndProject
Project("{9A19103F-16F7-4668-BE54-9A1E7A4F7556}") = "MapWebSite.Authentication", "MapWebSite.Authentication\MapWebSite.Authentication.csproj", "{2D4A2905-1B2B-44D1-A3BD-A83118C3B097}"
EndProject
Project("{2150E333-8FDC-42A3-9474-1A3956D46DE8}") = "Services", "Services", "{077DF803-FA68-4F96-B7A2-1DDC1EEA70E3}"
EndProject
Project("{2150E333-8FDC-42A3-9474-1A3956D46DE8}") = "MapWebSiteData Services", "MapWebSiteData Services", "{04357A52-9F1F-4721-A2E8-9E60034EFB4D}"
EndProject
Project("{FAE04EC0-301F-11D3-BF4B-00C04F79EFBC}") = "MapWebSite.DataPointsParserService", "MapWebSite.DataPointsParserService\MapWebSite.DataPointsParserService.csproj", "{131C0E23-29BA-48DA-8F5F-0F9A0D40EF87}"
EndProject
Global
	GlobalSection(SolutionConfigurationPlatforms) = preSolution
		Debug|Any CPU = Debug|Any CPU
		Release|Any CPU = Release|Any CPU
	EndGlobalSection
	GlobalSection(ProjectConfigurationPlatforms) = postSolution
		{9C03B843-A076-4150-A7C6-68DFF8AF7393}.Debug|Any CPU.ActiveCfg = Debug|Any CPU
		{9C03B843-A076-4150-A7C6-68DFF8AF7393}.Debug|Any CPU.Build.0 = Debug|Any CPU
		{9C03B843-A076-4150-A7C6-68DFF8AF7393}.Release|Any CPU.ActiveCfg = Release|Any CPU
		{9C03B843-A076-4150-A7C6-68DFF8AF7393}.Release|Any CPU.Build.0 = Release|Any CPU
		{921645E7-A83E-408A-B4C8-F7CD21DB3329}.Debug|Any CPU.ActiveCfg = Debug|Any CPU
		{921645E7-A83E-408A-B4C8-F7CD21DB3329}.Debug|Any CPU.Build.0 = Debug|Any CPU
		{921645E7-A83E-408A-B4C8-F7CD21DB3329}.Release|Any CPU.ActiveCfg = Release|Any CPU
		{921645E7-A83E-408A-B4C8-F7CD21DB3329}.Release|Any CPU.Build.0 = Release|Any CPU
		{0886D345-5858-4711-A80C-A08BBFEE1E27}.Debug|Any CPU.ActiveCfg = Debug|Any CPU
		{0886D345-5858-4711-A80C-A08BBFEE1E27}.Debug|Any CPU.Build.0 = Debug|Any CPU
		{0886D345-5858-4711-A80C-A08BBFEE1E27}.Release|Any CPU.ActiveCfg = Release|Any CPU
		{0886D345-5858-4711-A80C-A08BBFEE1E27}.Release|Any CPU.Build.0 = Release|Any CPU
		{A5CAF727-B169-4EA1-8D41-910AB7BD0ED7}.Debug|Any CPU.ActiveCfg = Debug|Any CPU
		{A5CAF727-B169-4EA1-8D41-910AB7BD0ED7}.Debug|Any CPU.Build.0 = Debug|Any CPU
		{A5CAF727-B169-4EA1-8D41-910AB7BD0ED7}.Release|Any CPU.ActiveCfg = Release|Any CPU
		{A5CAF727-B169-4EA1-8D41-910AB7BD0ED7}.Release|Any CPU.Build.0 = Release|Any CPU
		{15A19BAF-8E36-41A7-96EC-3AC2F427FCFB}.Debug|Any CPU.ActiveCfg = Debug|Any CPU
		{15A19BAF-8E36-41A7-96EC-3AC2F427FCFB}.Debug|Any CPU.Build.0 = Debug|Any CPU
		{15A19BAF-8E36-41A7-96EC-3AC2F427FCFB}.Release|Any CPU.ActiveCfg = Release|Any CPU
		{15A19BAF-8E36-41A7-96EC-3AC2F427FCFB}.Release|Any CPU.Build.0 = Release|Any CPU
		{A0E0898D-DD00-4BA7-803A-DCC9586B2836}.Debug|Any CPU.ActiveCfg = Debug|Any CPU
		{A0E0898D-DD00-4BA7-803A-DCC9586B2836}.Debug|Any CPU.Build.0 = Debug|Any CPU
		{A0E0898D-DD00-4BA7-803A-DCC9586B2836}.Release|Any CPU.ActiveCfg = Release|Any CPU
		{A0E0898D-DD00-4BA7-803A-DCC9586B2836}.Release|Any CPU.Build.0 = Release|Any CPU
		{9F148B28-5981-40DA-B669-505872475C2A}.Debug|Any CPU.ActiveCfg = Debug|Any CPU
		{9F148B28-5981-40DA-B669-505872475C2A}.Debug|Any CPU.Build.0 = Debug|Any CPU
		{9F148B28-5981-40DA-B669-505872475C2A}.Release|Any CPU.ActiveCfg = Release|Any CPU
		{9F148B28-5981-40DA-B669-505872475C2A}.Release|Any CPU.Build.0 = Release|Any CPU
		{DF790432-D57B-4708-9147-6C0C10CD9400}.Debug|Any CPU.ActiveCfg = Debug|Any CPU
		{DF790432-D57B-4708-9147-6C0C10CD9400}.Debug|Any CPU.Build.0 = Debug|Any CPU
		{DF790432-D57B-4708-9147-6C0C10CD9400}.Release|Any CPU.ActiveCfg = Release|Any CPU
		{DF790432-D57B-4708-9147-6C0C10CD9400}.Release|Any CPU.Build.0 = Release|Any CPU
		{EFE17CCE-7D2B-4FDD-B4A8-BF395FD34056}.Debug|Any CPU.ActiveCfg = Debug|Any CPU
		{EFE17CCE-7D2B-4FDD-B4A8-BF395FD34056}.Debug|Any CPU.Build.0 = Debug|Any CPU
		{EFE17CCE-7D2B-4FDD-B4A8-BF395FD34056}.Release|Any CPU.ActiveCfg = Release|Any CPU
		{EFE17CCE-7D2B-4FDD-B4A8-BF395FD34056}.Release|Any CPU.Build.0 = Release|Any CPU
		{2D4A2905-1B2B-44D1-A3BD-A83118C3B097}.Debug|Any CPU.ActiveCfg = Debug|Any CPU
		{2D4A2905-1B2B-44D1-A3BD-A83118C3B097}.Debug|Any CPU.Build.0 = Debug|Any CPU
		{2D4A2905-1B2B-44D1-A3BD-A83118C3B097}.Release|Any CPU.ActiveCfg = Release|Any CPU
		{2D4A2905-1B2B-44D1-A3BD-A83118C3B097}.Release|Any CPU.Build.0 = Release|Any CPU
		{131C0E23-29BA-48DA-8F5F-0F9A0D40EF87}.Debug|Any CPU.ActiveCfg = Debug|Any CPU
		{131C0E23-29BA-48DA-8F5F-0F9A0D40EF87}.Debug|Any CPU.Build.0 = Debug|Any CPU
		{131C0E23-29BA-48DA-8F5F-0F9A0D40EF87}.Release|Any CPU.ActiveCfg = Release|Any CPU
		{131C0E23-29BA-48DA-8F5F-0F9A0D40EF87}.Release|Any CPU.Build.0 = Release|Any CPU
	EndGlobalSection
	GlobalSection(SolutionProperties) = preSolution
		HideSolutionNode = FALSE
	EndGlobalSection
	GlobalSection(NestedProjects) = preSolution
		{9C03B843-A076-4150-A7C6-68DFF8AF7393} = {1A315415-A01E-4EF3-BD54-F4D6DA454AC3}
		{921645E7-A83E-408A-B4C8-F7CD21DB3329} = {AF515D10-8D01-41BE-B32A-8ADEDC446B56}
		{0886D345-5858-4711-A80C-A08BBFEE1E27} = {BAE94EBA-9E64-4C6B-B499-6A561FBE3844}
		{A5CAF727-B169-4EA1-8D41-910AB7BD0ED7} = {BAE94EBA-9E64-4C6B-B499-6A561FBE3844}
		{15A19BAF-8E36-41A7-96EC-3AC2F427FCFB} = {AF515D10-8D01-41BE-B32A-8ADEDC446B56}
		{A0E0898D-DD00-4BA7-803A-DCC9586B2836} = {1A315415-A01E-4EF3-BD54-F4D6DA454AC3}
		{9F148B28-5981-40DA-B669-505872475C2A} = {BAE94EBA-9E64-4C6B-B499-6A561FBE3844}
		{EFE17CCE-7D2B-4FDD-B4A8-BF395FD34056} = {AF515D10-8D01-41BE-B32A-8ADEDC446B56}
		{09F8ECBB-E106-4A4C-9BD3-46D4E6DF40D6} = {1A315415-A01E-4EF3-BD54-F4D6DA454AC3}
		{2D4A2905-1B2B-44D1-A3BD-A83118C3B097} = {09F8ECBB-E106-4A4C-9BD3-46D4E6DF40D6}
		{131C0E23-29BA-48DA-8F5F-0F9A0D40EF87} = {04357A52-9F1F-4721-A2E8-9E60034EFB4D}
	EndGlobalSection
	GlobalSection(ExtensibilityGlobals) = postSolution
		SolutionGuid = {F3952599-A9CA-4084-99B8-BFC5CFA3833A}
	EndGlobalSection
EndGlobal
