
Microsoft Visual Studio Solution File, Format Version 12.00
# Visual Studio Version 16
VisualStudioVersion = 16.0.29020.237
MinimumVisualStudioVersion = 10.0.40219.1
Project("{FAE04EC0-301F-11D3-BF4B-00C04F79EFBC}") = "MapWebSite", "MapWebSite\MapWebSite.csproj", "{9C03B843-A076-4150-A7C6-68DFF8AF7393}"
EndProject
Project("{FAE04EC0-301F-11D3-BF4B-00C04F79EFBC}") = "MapWebSite.Tests", "MapWebSite.Tests\MapWebSite.Tests.csproj", "{DF790432-D57B-4708-9147-6C0C10CD9400}"
EndProject
Global
	GlobalSection(SolutionConfigurationPlatforms) = preSolution
		Debug|Any CPU = Debug|Any CPU
		Release|Any CPU = Release|Any CPU
	EndGlobalSection
	GlobalSection(ProjectConfigurationPlatforms) = postSolution
		{9C03B843-A076-4150-A7C6-68DFF8AF7393}.Debug|Any CPU.ActiveCfg = Debug|Any CPU
		{9C03B843-A076-4150-A7C6-68DFF8AF7393}.Debug|Any CPU.Build.0 = Debug|Any CPU
		{9C03B843-A076-4150-A7C6-68DFF8AF7393}.Release|Any CPU.ActiveCfg = Release|Any CPU
		{9C03B843-A076-4150-A7C6-68DFF8AF7393}.Release|Any CPU.Build.0 = Release|Any CPU
		{DF790432-D57B-4708-9147-6C0C10CD9400}.Debug|Any CPU.ActiveCfg = Debug|Any CPU
		{DF790432-D57B-4708-9147-6C0C10CD9400}.Debug|Any CPU.Build.0 = Debug|Any CPU
		{DF790432-D57B-4708-9147-6C0C10CD9400}.Release|Any CPU.ActiveCfg = Release|Any CPU
		{DF790432-D57B-4708-9147-6C0C10CD9400}.Release|Any CPU.Build.0 = Release|Any CPU
	EndGlobalSection
	GlobalSection(SolutionProperties) = preSolution
		HideSolutionNode = FALSE
	EndGlobalSection
	GlobalSection(ExtensibilityGlobals) = postSolution
		SolutionGuid = {F3952599-A9CA-4084-99B8-BFC5CFA3833A}
	EndGlobalSection
EndGlobal
